
Microsoft Visual Studio Solution File, Format Version 12.00
# Visual Studio 15
VisualStudioVersion = 15.0.27130.2026
MinimumVisualStudioVersion = 10.0.40219.1
Project("{FAE04EC0-301F-11D3-BF4B-00C04F79EFBC}") = "TrivialArchitecture.UI.Console", "TrivialArhitecture.UI.Console\TrivialArchitecture.UI.Console.csproj", "{829D4E6B-6993-4ACC-846F-3C3555C93733}"
EndProject
Project("{FAE04EC0-301F-11D3-BF4B-00C04F79EFBC}") = "TrivialArchitecture.DAL", "TrivialArchitecture.DAL\TrivialArchitecture.DAL.csproj", "{9D165D60-7F68-47D4-A06F-7DEDEC706E2C}"
EndProject
Project("{FAE04EC0-301F-11D3-BF4B-00C04F79EFBC}") = "TrivialArchitecture.BusinessLogic", "TrivialArchitecture.BusinessLogic\TrivialArchitecture.BusinessLogic.csproj", "{2231EB28-5B1E-4B6B-8A53-C96698FD8B3F}"
EndProject
Project("{2150E333-8FDC-42A3-9474-1A3956D46DE8}") = "Solution Items", "Solution Items", "{1FD2A975-DB8D-4FB9-B3AD-2234C208E119}"
	ProjectSection(SolutionItems) = preProject
		.editorconfig = .editorconfig
		README.md = README.md
		TrivialArchitecture.sln.DotSettings = TrivialArchitecture.sln.DotSettings
	EndProjectSection
EndProject
Global
	GlobalSection(SolutionConfigurationPlatforms) = preSolution
		Debug|Any CPU = Debug|Any CPU
		Release|Any CPU = Release|Any CPU
	EndGlobalSection
	GlobalSection(ProjectConfigurationPlatforms) = postSolution
		{829D4E6B-6993-4ACC-846F-3C3555C93733}.Debug|Any CPU.ActiveCfg = Debug|Any CPU
		{829D4E6B-6993-4ACC-846F-3C3555C93733}.Debug|Any CPU.Build.0 = Debug|Any CPU
		{829D4E6B-6993-4ACC-846F-3C3555C93733}.Release|Any CPU.ActiveCfg = Release|Any CPU
		{829D4E6B-6993-4ACC-846F-3C3555C93733}.Release|Any CPU.Build.0 = Release|Any CPU
		{9D165D60-7F68-47D4-A06F-7DEDEC706E2C}.Debug|Any CPU.ActiveCfg = Debug|Any CPU
		{9D165D60-7F68-47D4-A06F-7DEDEC706E2C}.Debug|Any CPU.Build.0 = Debug|Any CPU
		{9D165D60-7F68-47D4-A06F-7DEDEC706E2C}.Release|Any CPU.ActiveCfg = Release|Any CPU
		{9D165D60-7F68-47D4-A06F-7DEDEC706E2C}.Release|Any CPU.Build.0 = Release|Any CPU
		{2231EB28-5B1E-4B6B-8A53-C96698FD8B3F}.Debug|Any CPU.ActiveCfg = Debug|Any CPU
		{2231EB28-5B1E-4B6B-8A53-C96698FD8B3F}.Debug|Any CPU.Build.0 = Debug|Any CPU
		{2231EB28-5B1E-4B6B-8A53-C96698FD8B3F}.Release|Any CPU.ActiveCfg = Release|Any CPU
		{2231EB28-5B1E-4B6B-8A53-C96698FD8B3F}.Release|Any CPU.Build.0 = Release|Any CPU
	EndGlobalSection
	GlobalSection(SolutionProperties) = preSolution
		HideSolutionNode = FALSE
	EndGlobalSection
	GlobalSection(ExtensibilityGlobals) = postSolution
		SolutionGuid = {5F3572B1-07CB-4184-9E75-1162123A4E34}
	EndGlobalSection
EndGlobal
